
Microsoft Visual Studio Solution File, Format Version 12.00
# Visual Studio 15
Project("{FAE04EC0-301F-11D3-BF4B-00C04F79EFBC}") = "Assembly-CSharp", "Assembly-CSharp.csproj", "{6250CBCF-92B4-3F81-438D-EE82B6863336}"
EndProject
Global
	GlobalSection(SolutionConfigurationPlatforms) = preSolution
		Debug|Any CPU = Debug|Any CPU
		Release|Any CPU = Release|Any CPU
	EndGlobalSection
	GlobalSection(ProjectConfigurationPlatforms) = postSolution
		{6250CBCF-92B4-3F81-438D-EE82B6863336}.Debug|Any CPU.ActiveCfg = Debug|Any CPU
		{6250CBCF-92B4-3F81-438D-EE82B6863336}.Debug|Any CPU.Build.0 = Debug|Any CPU
		{6250CBCF-92B4-3F81-438D-EE82B6863336}.Release|Any CPU.ActiveCfg = Release|Any CPU
		{6250CBCF-92B4-3F81-438D-EE82B6863336}.Release|Any CPU.Build.0 = Release|Any CPU
	EndGlobalSection
	GlobalSection(SolutionProperties) = preSolution
		HideSolutionNode = FALSE
	EndGlobalSection
EndGlobal
