
Microsoft Visual Studio Solution File, Format Version 11.00
# Visual Studio 2010
Project("{FAE04EC0-301F-11D3-BF4B-00C04F79EFBC}") = "Assembly-CSharp", "Assembly-CSharp.csproj", "{088C6867-FB91-7175-475C-37B242E7AF91}"
EndProject
Project("{FAE04EC0-301F-11D3-BF4B-00C04F79EFBC}") = "Assembly-CSharp-Editor", "Assembly-CSharp-Editor.csproj", "{936A8176-0645-05FB-2F06-9976AAF08F08}"
EndProject
Global
	GlobalSection(SolutionConfigurationPlatforms) = preSolution
		Debug|Any CPU = Debug|Any CPU
		Release|Any CPU = Release|Any CPU
	EndGlobalSection
	GlobalSection(ProjectConfigurationPlatforms) = postSolution
		{088C6867-FB91-7175-475C-37B242E7AF91}.Debug|Any CPU.ActiveCfg = Debug|Any CPU
		{088C6867-FB91-7175-475C-37B242E7AF91}.Debug|Any CPU.Build.0 = Debug|Any CPU
		{088C6867-FB91-7175-475C-37B242E7AF91}.Release|Any CPU.ActiveCfg = Release|Any CPU
		{088C6867-FB91-7175-475C-37B242E7AF91}.Release|Any CPU.Build.0 = Release|Any CPU
		{936A8176-0645-05FB-2F06-9976AAF08F08}.Debug|Any CPU.ActiveCfg = Debug|Any CPU
		{936A8176-0645-05FB-2F06-9976AAF08F08}.Debug|Any CPU.Build.0 = Debug|Any CPU
		{936A8176-0645-05FB-2F06-9976AAF08F08}.Release|Any CPU.ActiveCfg = Release|Any CPU
		{936A8176-0645-05FB-2F06-9976AAF08F08}.Release|Any CPU.Build.0 = Release|Any CPU
	EndGlobalSection
	GlobalSection(SolutionProperties) = preSolution
		HideSolutionNode = FALSE
	EndGlobalSection
EndGlobal
