
Microsoft Visual Studio Solution File, Format Version 12.00
# Visual Studio 15
Project("{FAE04EC0-301F-11D3-BF4B-00C04F79EFBC}") = "Assembly-CSharp", "Assembly-CSharp.csproj", "{61B847A1-F2BB-01C7-DB05-D6F443A9E281}"
EndProject
Project("{FAE04EC0-301F-11D3-BF4B-00C04F79EFBC}") = "Assembly-CSharp-Editor", "Assembly-CSharp-Editor.csproj", "{8ED0C06B-A151-A94D-574D-AE86BA0908CF}"
EndProject
Global
	GlobalSection(SolutionConfigurationPlatforms) = preSolution
		Debug|Any CPU = Debug|Any CPU
		Release|Any CPU = Release|Any CPU
	EndGlobalSection
	GlobalSection(ProjectConfigurationPlatforms) = postSolution
		{61B847A1-F2BB-01C7-DB05-D6F443A9E281}.Debug|Any CPU.ActiveCfg = Debug|Any CPU
		{61B847A1-F2BB-01C7-DB05-D6F443A9E281}.Debug|Any CPU.Build.0 = Debug|Any CPU
		{61B847A1-F2BB-01C7-DB05-D6F443A9E281}.Release|Any CPU.ActiveCfg = Release|Any CPU
		{61B847A1-F2BB-01C7-DB05-D6F443A9E281}.Release|Any CPU.Build.0 = Release|Any CPU
		{8ED0C06B-A151-A94D-574D-AE86BA0908CF}.Debug|Any CPU.ActiveCfg = Debug|Any CPU
		{8ED0C06B-A151-A94D-574D-AE86BA0908CF}.Debug|Any CPU.Build.0 = Debug|Any CPU
		{8ED0C06B-A151-A94D-574D-AE86BA0908CF}.Release|Any CPU.ActiveCfg = Release|Any CPU
		{8ED0C06B-A151-A94D-574D-AE86BA0908CF}.Release|Any CPU.Build.0 = Release|Any CPU
	EndGlobalSection
	GlobalSection(SolutionProperties) = preSolution
		HideSolutionNode = FALSE
	EndGlobalSection
EndGlobal
